# auto-generated by grc.converter

id: variables_loop_filter
label: Variables Loop Filter
category: '[ecss]'
flags:
- show_id

parameters:
-   id: natural_freq_2
    label: Natural frequency (2nd order)
    dtype: real
-   id: damping_2
    label: Damping (2nd order)
    dtype: real
-   id: epsilon
    label: Epsilon (2nd order)
    dtype: real
-   id: index_m_3
    label: Index m (3rd order)
    dtype: int
-   id: natural_freq_3
    label: Natural frequency (3rd order)
    dtype: real
-   id: damping_3
    label: Damping (3rd order)
    dtype: real
-   id: samp_rate
    label: Sampling rate
    dtype: int
value: ${ ecss.variables_loop_filter.coefficients(natural_freq_2, damping_2, epsilon, index_m_3,
    natural_freq_3, damping_3, samp_rate) }

templates:
    imports: import ecss
    var_make: self.${id} = ${id} = ecss.variables_loop_filter.coefficients(${natural_freq_2},
        ${damping_2}, ${epsilon}, ${index_m_3}, ${natural_freq_3}, ${damping_3}, ${samp_rate})

file_format: 1
