# auto-generated by grc.converter

id: ecss_gain_phase_accumulator
label: Gain Phase Accumulator
category: '[ecss]'

parameters:
-   id: rst
    label: Reset
    dtype: bool
    default: 'False'
-   id: uplink
    label: uplink
    dtype: int
    default: '221'
-   id: downlink
    label: downlink
    dtype: int
    default: '240'

inputs:
-   domain: stream
    dtype: s64

outputs:
-   domain: stream
    dtype: s64

templates:
    imports: import ecss
    make: ecss.gain_phase_accumulator(${rst}, ${uplink}, ${downlink})
    callbacks:
    - set_reset(${rst})
    - set_uplink(${uplink})
    - set_downlink(${downlink})

file_format: 1
