# auto-generated by grc.converter

id: variables_loop_filter_2ndorder
label: Variables Loop Filter 2nd Order
category: '[ecss]'
flags:
- show_id

parameters:
-   id: natural_freq
    label: Natural frequency (Hz)
    dtype: real
    default: '100'
-   id: damping
    label: Damping
    dtype: real
    default: '0.707'
-   id: samp_rate
    label: Sampling Rate
    dtype: int
    default: samp_rate
value: ${ ecss.variables_loop_filter_2ndorder.coefficients(natural_freq, damping, samp_rate) }

templates:
    imports: import ecss
    var_make: self.${id} = ${id} = ecss.variables_loop_filter_2ndorder.coefficients(${natural_freq},
        ${damping}, ${samp_rate})

file_format: 1
