# auto-generated by grc.converter

id: ecss_phase_converter
label: Phase Converter
category: '[ecss]'

templates:
    imports: from gnuradio import ecss
    make: ecss.phase_converter(${N})

parameters:
-   id: N
    label: number of bits
    dtype: int
    default: '38'

inputs:
-   domain: stream
    dtype: float

outputs:
-   domain: stream
    dtype: s64
-   domain: message
    id: async_out
    optional: True
asserts:
- ${ N >= 1 and N <= 52 }

file_format: 1
