# auto-generated by grc.converter

id: ecss_agc
label: AGC
category: '[ecss]'

parameters:
-   id: settling_time
    label: Settling time [ms]
    dtype: real
    default: '10.0'
-   id: reference
    label: Output reference
    dtype: real
    default: '1.0'
-   id: initial_gain
    label: Initial gain
    dtype: real
    default: '1.0'
-   id: maximum_gain
    label: Maximum gain
    dtype: real
    default: '65536.0'
-   id: samp_rate
    label: Sampling Rate
    dtype: real
    default: samp_rate

inputs:
-   domain: stream
    dtype: complex

outputs:
-   domain: stream
    dtype: complex

templates:
    imports: import ecss
    make: ecss.agc(${settling_time}, ${reference}, ${initial_gain}, ${maximum_gain},
        ${samp_rate})
    callbacks:
    - set_settling_time(${settling_time})
    - set_reference(${reference})
    - set_maximum_gain(${maximum_gain})

file_format: 1
