# auto-generated by grc.converter

id: variables_loop_filter_3rdorder
label: Variables Loop Filter 3rd Order
category: '[ecss]'
flags:
- show_id

parameters:
-   id: natural_freq
    label: Natural frequency (Hz)
    dtype: real
    default: '100'
-   id: t1
    label: Time constant 1 (s)
    dtype: real
    default: '0.1'
-   id: t2
    label: Time constant 2 (s)
    dtype: real
    default: '0.01'
-   id: samp_rate
    label: Sampling Rate
    dtype: int
    default: samp_rate
value: ${ ecss.variables_loop_filter_3rdorder.coefficients(natural_freq,
    t1, t2, samp_rate) }

templates:
    imports: import ecss
    var_make: self.${id} = ${id} = ecss.variables_loop_filter_3rdorder.coefficients(${natural_freq}, ${t1}, ${t2}, ${samp_rate})

file_format: 1
