# auto-generated by grc.converter

id: variables_loop_filter_3rdorder
label: Variables Loop Filter 3rd Order
category: '[ecss]'
flags:
- show_id

parameters:
-   id: index_m_3
    label: Index m (3rd order)
    dtype: int
-   id: natural_freq_3
    label: Natural frequency (3rd order)
    dtype: real
-   id: damping_3
    label: Damping (3rd order)
    dtype: real
-   id: samp_rate
    label: Sampling rate
    dtype: int
    defaul: samp_rate
value: ${ ecss.variables_loop_filter_3rdorder.coefficients(index_m_3,
    natural_freq_3, damping_3, samp_rate) }

templates:
    imports: import ecss
    var_make: self.${id} = ${id} = ecss.variables_loop_filter_3rdorder.coefficients(${index_m_3}, ${natural_freq_3}, ${damping_3}, ${samp_rate})

file_format: 1
