# auto-generated by grc.converter

id: loop_filter
label: Loop Filter Object
category: '[ecss]'
flags:
- show_id

templates:
    imports: from gnuradio import ecss
    var_make: |-
        % if str(order) == "2nd":
        self.${id} = ${id} = ecss.loop_filter.coefficients2ndorder(${natural_freq},
        ${damping}, ${samp_rate})
        % else:
        self.${id} = ${id} = ecss.loop_filter.coefficients3rdorder(${natural_freq},
        ${t1}, ${t2}, ${samp_rate})
        % endif

parameters:
-   id: order
    label: Loop Order
    dtype: enum
    default: 2nd
    options: [2nd, 3rd]
    option_labels: [ Second, Third ]
    hide: 'none'
-   id: samp_rate
    label: Sampling Rate
    dtype: int
    default: samp_rate
    hide: 'part'
-   id: natural_freq
    label: Natural frequency (Hz)
    dtype: real
    default: '100'
    hide: 'none'
-   id: damping
    label: Damping
    dtype: real
    default: '0.707'
    hide: ${ ('none' if order == '2nd' else 'all') }
-   id: t1
    label: Time constant 1 (s)
    dtype: real
    default: '0.01'
    hide: ${ ('none' if order == '3rd' else 'all') }
-   id: t2
    label: Time constant 2 (s)
    dtype: real
    default: '0.6'
    hide: ${ ('none' if order == '3rd' else 'all') }

value: ${ ecss.loop_filter.coefficients2ndorder(natural_freq, damping, samp_rate) if (str(order) == "2nd") else ecss.loop_filter.coefficients3rdorder(natural_freq, t1, t2, samp_rate)}

file_format: 1
